Microsoft Visual Studio Solution File, Format Version 11.00
# Visual Studio 2010
Project("{8BC9CEB8-8B4A-11D0-8D11-00A0C91BC942}") = "ExportObjects", "ExportObjects\ExportObjects2010.vcxproj", "{6AFA24FB-37B3-49D3-9832-F7EA3DE3CA2E}"
EndProject
Project("{8BC9CEB8-8B4A-11D0-8D11-00A0C91BC942}") = "XATGFileWriter", "XATGFileWriter\XATGFileWriter2010.vcxproj", "{3F3D7892-A3F4-43A9-87BF-B9C28E9069E8}"
EndProject
Project("{8BC9CEB8-8B4A-11D0-8D11-00A0C91BC942}") = "ImportFBX", "ImportFBX\ImportFBX2010.vcxproj", "{A831840E-93D9-48E4-866C-1F024B3D44FC}"
EndProject
Project("{8BC9CEB8-8B4A-11D0-8D11-00A0C91BC942}") = "SDKMeshFileWriter", "SDKMeshFileWriter\SDKMeshFileWriter2010.vcxproj", "{85495119-FC0E-4F85-8357-8823B6164F9E}"
EndProject
Global
	GlobalSection(SolutionConfigurationPlatforms) = preSolution
		Debug|Win32 = Debug|Win32
		Release|Win32 = Release|Win32
	EndGlobalSection
	GlobalSection(ProjectConfigurationPlatforms) = postSolution
		{6AFA24FB-37B3-49D3-9832-F7EA3DE3CA2E}.Debug|Win32.ActiveCfg = Debug|Win32
		{6AFA24FB-37B3-49D3-9832-F7EA3DE3CA2E}.Debug|Win32.Build.0 = Debug|Win32
		{6AFA24FB-37B3-49D3-9832-F7EA3DE3CA2E}.Release|Win32.ActiveCfg = Release|Win32
		{6AFA24FB-37B3-49D3-9832-F7EA3DE3CA2E}.Release|Win32.Build.0 = Release|Win32
		{3F3D7892-A3F4-43A9-87BF-B9C28E9069E8}.Debug|Win32.ActiveCfg = Debug|Win32
		{3F3D7892-A3F4-43A9-87BF-B9C28E9069E8}.Debug|Win32.Build.0 = Debug|Win32
		{3F3D7892-A3F4-43A9-87BF-B9C28E9069E8}.Release|Win32.ActiveCfg = Release|Win32
		{3F3D7892-A3F4-43A9-87BF-B9C28E9069E8}.Release|Win32.Build.0 = Release|Win32
		{A831840E-93D9-48E4-866C-1F024B3D44FC}.Debug|Win32.ActiveCfg = Debug|Win32
		{A831840E-93D9-48E4-866C-1F024B3D44FC}.Debug|Win32.Build.0 = Debug|Win32
		{A831840E-93D9-48E4-866C-1F024B3D44FC}.Release|Win32.ActiveCfg = Release|Win32
		{A831840E-93D9-48E4-866C-1F024B3D44FC}.Release|Win32.Build.0 = Release|Win32
		{85495119-FC0E-4F85-8357-8823B6164F9E}.Debug|Win32.ActiveCfg = Debug|Win32
		{85495119-FC0E-4F85-8357-8823B6164F9E}.Debug|Win32.Build.0 = Debug|Win32
		{85495119-FC0E-4F85-8357-8823B6164F9E}.Release|Win32.ActiveCfg = Release|Win32
		{85495119-FC0E-4F85-8357-8823B6164F9E}.Release|Win32.Build.0 = Release|Win32
	EndGlobalSection
	GlobalSection(SolutionProperties) = preSolution
		HideSolutionNode = FALSE
	EndGlobalSection
EndGlobal
